{
  "pins" : [
    {
      "identity" : "tun2sockskit",
      "kind" : "remoteSourceControl",
      "location" : "https://github.com/daemooon/Tun2SocksKit.git",
      "state" : {
        "revision" : "3c672ea9a61e488b4971a38b791c21f681f8a32b",
        "version" : "2.1.16"
      }
    },
    {
      "identity" : "xraykit",
      "kind" : "remoteSourceControl",
      "location" : "https://github.com/daemooon/XrayKit.git",
      "state" : {
        "revision" : "a2f5b4dfb2f71e210b21fc1652c1598ae0065736",
        "version" : "0.1.42"
      }
    }
  ],
  "version" : 2
}
